// !$*UTF8*$!
{
	archiveVersion = 1;
	classes = {
	};
	objectVersion = 50;
	objects = {

/* Begin PBXBuildFile section */
		4A0658FB264A4BED002CE0E9 /* AppDelegate.swift in Sources */ = {isa = PBXBuildFile; fileRef = 4A0658FA264A4BED002CE0E9 /* AppDelegate.swift */; };
		4A0658FD264A4BED002CE0E9 /* SceneDelegate.swift in Sources */ = {isa = PBXBuildFile; fileRef = 4A0658FC264A4BED002CE0E9 /* SceneDelegate.swift */; };
		4A0658FF264A4BED002CE0E9 /* ViewController.swift in Sources */ = {isa = PBXBuildFile; fileRef = 4A0658FE264A4BED002CE0E9 /* ViewController.swift */; };
		4A065902264A4BED002CE0E9 /* Main.storyboard in Resources */ = {isa = PBXBuildFile; fileRef = 4A065900264A4BED002CE0E9 /* Main.storyboard */; };
		4A065904264A4BF8002CE0E9 /* Assets.xcassets in Resources */ = {isa = PBXBuildFile; fileRef = 4A065903264A4BF8002CE0E9 /* Assets.xcassets */; };
		4A065907264A4BF8002CE0E9 /* LaunchScreen.storyboard in Resources */ = {isa = PBXBuildFile; fileRef = 4A065905264A4BF8002CE0E9 /* LaunchScreen.storyboard */; };
		4A065915264A4E09002CE0E9 /* Vehicle.swift in Sources */ = {isa = PBXBuildFile; fileRef = 4A06590F264A4E09002CE0E9 /* Vehicle.swift */; };
		4A065916264A4E09002CE0E9 /* ErrorModel.swift in Sources */ = {isa = PBXBuildFile; fileRef = 4A065910264A4E09002CE0E9 /* ErrorModel.swift */; };
		4A065917264A4E09002CE0E9 /* OlaVehicleViewModel.swift in Sources */ = {isa = PBXBuildFile; fileRef = 4A065912264A4E09002CE0E9 /* OlaVehicleViewModel.swift */; };
		4A065918264A4E09002CE0E9 /* OlaVehicleMainViewController.swift in Sources */ = {isa = PBXBuildFile; fileRef = 4A065914264A4E09002CE0E9 /* OlaVehicleMainViewController.swift */; };
		4A065923264A515A002CE0E9 /* ServiceType.swift in Sources */ = {isa = PBXBuildFile; fileRef = 4A06591A264A515A002CE0E9 /* ServiceType.swift */; };
		4A065924264A515A002CE0E9 /* Result.swift in Sources */ = {isa = PBXBuildFile; fileRef = 4A06591C264A515A002CE0E9 /* Result.swift */; };
		4A065925264A515A002CE0E9 /* ErrorResult.swift in Sources */ = {isa = PBXBuildFile; fileRef = 4A06591D264A515A002CE0E9 /* ErrorResult.swift */; };
		4A065926264A515A002CE0E9 /* EnvironmentHelper.swift in Sources */ = {isa = PBXBuildFile; fileRef = 4A06591E264A515A002CE0E9 /* EnvironmentHelper.swift */; };
		4A065927264A515A002CE0E9 /* BaseService.swift in Sources */ = {isa = PBXBuildFile; fileRef = 4A06591F264A515A002CE0E9 /* BaseService.swift */; };
		4A065928264A515A002CE0E9 /* HttpMethods.swift in Sources */ = {isa = PBXBuildFile; fileRef = 4A065920264A515A002CE0E9 /* HttpMethods.swift */; };
		4A065929264A515A002CE0E9 /* OlaService.swift in Sources */ = {isa = PBXBuildFile; fileRef = 4A065921264A515A002CE0E9 /* OlaService.swift */; };
		4A06592A264A515A002CE0E9 /* NetworkingManager.swift in Sources */ = {isa = PBXBuildFile; fileRef = 4A065922264A515A002CE0E9 /* NetworkingManager.swift */; };
		4A06592C264A51A0002CE0E9 /* Localizable.strings in Resources */ = {isa = PBXBuildFile; fileRef = 4A06592B264A51A0002CE0E9 /* Localizable.strings */; };
		4A065934264A51D5002CE0E9 /* MapView+VisibleRect.swift in Sources */ = {isa = PBXBuildFile; fileRef = 4A06592E264A51D5002CE0E9 /* MapView+VisibleRect.swift */; };
		4A065936264A51D5002CE0E9 /* UIViewController+TopMostView.swift in Sources */ = {isa = PBXBuildFile; fileRef = 4A065930264A51D5002CE0E9 /* UIViewController+TopMostView.swift */; };
		4A065937264A51D5002CE0E9 /* Loader+View.swift in Sources */ = {isa = PBXBuildFile; fileRef = 4A065931264A51D5002CE0E9 /* Loader+View.swift */; };
		4A065938264A51D5002CE0E9 /* String+Extension.swift in Sources */ = {isa = PBXBuildFile; fileRef = 4A065932264A51D5002CE0E9 /* String+Extension.swift */; };
		4A065939264A51D5002CE0E9 /* TableView+Configuration.swift in Sources */ = {isa = PBXBuildFile; fileRef = 4A065933264A51D5002CE0E9 /* TableView+Configuration.swift */; };
		4A06593C264A5203002CE0E9 /* OlaConstants.swift in Sources */ = {isa = PBXBuildFile; fileRef = 4A06593B264A5203002CE0E9 /* OlaConstants.swift */; };
		4A065940264A525C002CE0E9 /* ReachabilityHandler.swift in Sources */ = {isa = PBXBuildFile; fileRef = 4A06593E264A525C002CE0E9 /* ReachabilityHandler.swift */; };
		4A065941264A525C002CE0E9 /* OlaAlert.swift in Sources */ = {isa = PBXBuildFile; fileRef = 4A06593F264A525C002CE0E9 /* OlaAlert.swift */; };
		4A065945264A57B7002CE0E9 /* OlaVehiclesSheetViewController.swift in Sources */ = {isa = PBXBuildFile; fileRef = 4A065943264A57B7002CE0E9 /* OlaVehiclesSheetViewController.swift */; };
		4A065946264A57B7002CE0E9 /* OlaVehiclesSheetViewController.xib in Resources */ = {isa = PBXBuildFile; fileRef = 4A065944264A57B7002CE0E9 /* OlaVehiclesSheetViewController.xib */; };
		4A065949264A5F7E002CE0E9 /* OlaImageLoader.swift in Sources */ = {isa = PBXBuildFile; fileRef = 4A065948264A5F7E002CE0E9 /* OlaImageLoader.swift */; };
		4A06594C264A654C002CE0E9 /* OlaVehicleDisplayTVC.swift in Sources */ = {isa = PBXBuildFile; fileRef = 4A06594A264A654C002CE0E9 /* OlaVehicleDisplayTVC.swift */; };
		4A06594D264A654C002CE0E9 /* OlaVehicleDisplayTVC.xib in Resources */ = {isa = PBXBuildFile; fileRef = 4A06594B264A654C002CE0E9 /* OlaVehicleDisplayTVC.xib */; };
		4A06594F264A7051002CE0E9 /* OlaVehicleDataSource.swift in Sources */ = {isa = PBXBuildFile; fileRef = 4A06594E264A7051002CE0E9 /* OlaVehicleDataSource.swift */; };
		4A065953264A97E6002CE0E9 /* OlaVehiclesSheetHeaderView.swift in Sources */ = {isa = PBXBuildFile; fileRef = 4A065952264A97E6002CE0E9 /* OlaVehiclesSheetHeaderView.swift */; };
/* End PBXBuildFile section */

/* Begin PBXFileReference section */
		4A0658F7264A4BED002CE0E9 /* OlaAssignment.app */ = {isa = PBXFileReference; explicitFileType = wrapper.application; includeInIndex = 0; path = OlaAssignment.app; sourceTree = BUILT_PRODUCTS_DIR; };
		4A0658FA264A4BED002CE0E9 /* AppDelegate.swift */ = {isa = PBXFileReference; lastKnownFileType = sourcecode.swift; path = AppDelegate.swift; sourceTree = "<group>"; };
		4A0658FC264A4BED002CE0E9 /* SceneDelegate.swift */ = {isa = PBXFileReference; lastKnownFileType = sourcecode.swift; path = SceneDelegate.swift; sourceTree = "<group>"; };
		4A0658FE264A4BED002CE0E9 /* ViewController.swift */ = {isa = PBXFileReference; lastKnownFileType = sourcecode.swift; path = ViewController.swift; sourceTree = "<group>"; };
		4A065901264A4BED002CE0E9 /* Base */ = {isa = PBXFileReference; lastKnownFileType = file.storyboard; name = Base; path = Base.lproj/Main.storyboard; sourceTree = "<group>"; };
		4A065903264A4BF8002CE0E9 /* Assets.xcassets */ = {isa = PBXFileReference; lastKnownFileType = folder.assetcatalog; path = Assets.xcassets; sourceTree = "<group>"; };
		4A065906264A4BF8002CE0E9 /* Base */ = {isa = PBXFileReference; lastKnownFileType = file.storyboard; name = Base; path = Base.lproj/LaunchScreen.storyboard; sourceTree = "<group>"; };
		4A065908264A4BF8002CE0E9 /* Info.plist */ = {isa = PBXFileReference; lastKnownFileType = text.plist.xml; path = Info.plist; sourceTree = "<group>"; };
		4A06590F264A4E09002CE0E9 /* Vehicle.swift */ = {isa = PBXFileReference; fileEncoding = 4; lastKnownFileType = sourcecode.swift; path = Vehicle.swift; sourceTree = "<group>"; };
		4A065910264A4E09002CE0E9 /* ErrorModel.swift */ = {isa = PBXFileReference; fileEncoding = 4; lastKnownFileType = sourcecode.swift; path = ErrorModel.swift; sourceTree = "<group>"; };
		4A065912264A4E09002CE0E9 /* OlaVehicleViewModel.swift */ = {isa = PBXFileReference; fileEncoding = 4; lastKnownFileType = sourcecode.swift; path = OlaVehicleViewModel.swift; sourceTree = "<group>"; };
		4A065914264A4E09002CE0E9 /* OlaVehicleMainViewController.swift */ = {isa = PBXFileReference; fileEncoding = 4; lastKnownFileType = sourcecode.swift; path = OlaVehicleMainViewController.swift; sourceTree = "<group>"; };
		4A06591A264A515A002CE0E9 /* ServiceType.swift */ = {isa = PBXFileReference; fileEncoding = 4; lastKnownFileType = sourcecode.swift; path = ServiceType.swift; sourceTree = "<group>"; };
		4A06591C264A515A002CE0E9 /* Result.swift */ = {isa = PBXFileReference; fileEncoding = 4; lastKnownFileType = sourcecode.swift; path = Result.swift; sourceTree = "<group>"; };
		4A06591D264A515A002CE0E9 /* ErrorResult.swift */ = {isa = PBXFileReference; fileEncoding = 4; lastKnownFileType = sourcecode.swift; path = ErrorResult.swift; sourceTree = "<group>"; };
		4A06591E264A515A002CE0E9 /* EnvironmentHelper.swift */ = {isa = PBXFileReference; fileEncoding = 4; lastKnownFileType = sourcecode.swift; path = EnvironmentHelper.swift; sourceTree = "<group>"; };
		4A06591F264A515A002CE0E9 /* BaseService.swift */ = {isa = PBXFileReference; fileEncoding = 4; lastKnownFileType = sourcecode.swift; path = BaseService.swift; sourceTree = "<group>"; };
		4A065920264A515A002CE0E9 /* HttpMethods.swift */ = {isa = PBXFileReference; fileEncoding = 4; lastKnownFileType = sourcecode.swift; path = HttpMethods.swift; sourceTree = "<group>"; };
		4A065921264A515A002CE0E9 /* OlaService.swift */ = {isa = PBXFileReference; fileEncoding = 4; lastKnownFileType = sourcecode.swift; path = OlaService.swift; sourceTree = "<group>"; };
		4A065922264A515A002CE0E9 /* NetworkingManager.swift */ = {isa = PBXFileReference; fileEncoding = 4; lastKnownFileType = sourcecode.swift; path = NetworkingManager.swift; sourceTree = "<group>"; };
		4A06592B264A51A0002CE0E9 /* Localizable.strings */ = {isa = PBXFileReference; lastKnownFileType = text.plist.strings; path = Localizable.strings; sourceTree = "<group>"; };
		4A06592E264A51D5002CE0E9 /* MapView+VisibleRect.swift */ = {isa = PBXFileReference; fileEncoding = 4; lastKnownFileType = sourcecode.swift; path = "MapView+VisibleRect.swift"; sourceTree = "<group>"; };
		4A065930264A51D5002CE0E9 /* UIViewController+TopMostView.swift */ = {isa = PBXFileReference; fileEncoding = 4; lastKnownFileType = sourcecode.swift; path = "UIViewController+TopMostView.swift"; sourceTree = "<group>"; };
		4A065931264A51D5002CE0E9 /* Loader+View.swift */ = {isa = PBXFileReference; fileEncoding = 4; lastKnownFileType = sourcecode.swift; path = "Loader+View.swift"; sourceTree = "<group>"; };
		4A065932264A51D5002CE0E9 /* String+Extension.swift */ = {isa = PBXFileReference; fileEncoding = 4; lastKnownFileType = sourcecode.swift; path = "String+Extension.swift"; sourceTree = "<group>"; };
		4A065933264A51D5002CE0E9 /* TableView+Configuration.swift */ = {isa = PBXFileReference; fileEncoding = 4; lastKnownFileType = sourcecode.swift; path = "TableView+Configuration.swift"; sourceTree = "<group>"; };
		4A06593B264A5203002CE0E9 /* OlaConstants.swift */ = {isa = PBXFileReference; fileEncoding = 4; lastKnownFileType = sourcecode.swift; path = OlaConstants.swift; sourceTree = "<group>"; };
		4A06593E264A525C002CE0E9 /* ReachabilityHandler.swift */ = {isa = PBXFileReference; fileEncoding = 4; lastKnownFileType = sourcecode.swift; path = ReachabilityHandler.swift; sourceTree = "<group>"; };
		4A06593F264A525C002CE0E9 /* OlaAlert.swift */ = {isa = PBXFileReference; fileEncoding = 4; lastKnownFileType = sourcecode.swift; path = OlaAlert.swift; sourceTree = "<group>"; };
		4A065943264A57B7002CE0E9 /* OlaVehiclesSheetViewController.swift */ = {isa = PBXFileReference; lastKnownFileType = sourcecode.swift; path = OlaVehiclesSheetViewController.swift; sourceTree = "<group>"; };
		4A065944264A57B7002CE0E9 /* OlaVehiclesSheetViewController.xib */ = {isa = PBXFileReference; lastKnownFileType = file.xib; path = OlaVehiclesSheetViewController.xib; sourceTree = "<group>"; };
		4A065948264A5F7E002CE0E9 /* OlaImageLoader.swift */ = {isa = PBXFileReference; lastKnownFileType = sourcecode.swift; path = OlaImageLoader.swift; sourceTree = "<group>"; };
		4A06594A264A654C002CE0E9 /* OlaVehicleDisplayTVC.swift */ = {isa = PBXFileReference; lastKnownFileType = sourcecode.swift; path = OlaVehicleDisplayTVC.swift; sourceTree = "<group>"; };
		4A06594B264A654C002CE0E9 /* OlaVehicleDisplayTVC.xib */ = {isa = PBXFileReference; lastKnownFileType = file.xib; path = OlaVehicleDisplayTVC.xib; sourceTree = "<group>"; };
		4A06594E264A7051002CE0E9 /* OlaVehicleDataSource.swift */ = {isa = PBXFileReference; lastKnownFileType = sourcecode.swift; path = OlaVehicleDataSource.swift; sourceTree = "<group>"; };
		4A065952264A97E6002CE0E9 /* OlaVehiclesSheetHeaderView.swift */ = {isa = PBXFileReference; lastKnownFileType = sourcecode.swift; path = OlaVehiclesSheetHeaderView.swift; sourceTree = "<group>"; };
/* End PBXFileReference section */

/* Begin PBXFrameworksBuildPhase section */
		4A0658F4264A4BED002CE0E9 /* Frameworks */ = {
			isa = PBXFrameworksBuildPhase;
			buildActionMask = 2147483647;
			files = (
			);
			runOnlyForDeploymentPostprocessing = 0;
		};
/* End PBXFrameworksBuildPhase section */

/* Begin PBXGroup section */
		4A0658EE264A4BED002CE0E9 = {
			isa = PBXGroup;
			children = (
				4A0658F9264A4BED002CE0E9 /* OlaAssignment */,
				4A0658F8264A4BED002CE0E9 /* Products */,
			);
			sourceTree = "<group>";
		};
		4A0658F8264A4BED002CE0E9 /* Products */ = {
			isa = PBXGroup;
			children = (
				4A0658F7264A4BED002CE0E9 /* OlaAssignment.app */,
			);
			name = Products;
			sourceTree = "<group>";
		};
		4A0658F9264A4BED002CE0E9 /* OlaAssignment */ = {
			isa = PBXGroup;
			children = (
				4A06590E264A4E09002CE0E9 /* Model */,
				4A065913264A4E09002CE0E9 /* View */,
				4A065911264A4E09002CE0E9 /* ViewModel */,
				4A065919264A515A002CE0E9 /* Services */,
				4A06592D264A51D5002CE0E9 /* Extensions */,
				4A06593A264A5203002CE0E9 /* Constants */,
				4A06593D264A525C002CE0E9 /* Helper */,
				4A065947264A5A4C002CE0E9 /* Components */,
				4A0658FA264A4BED002CE0E9 /* AppDelegate.swift */,
				4A0658FC264A4BED002CE0E9 /* SceneDelegate.swift */,
				4A0658FE264A4BED002CE0E9 /* ViewController.swift */,
				4A065900264A4BED002CE0E9 /* Main.storyboard */,
				4A065903264A4BF8002CE0E9 /* Assets.xcassets */,
				4A065905264A4BF8002CE0E9 /* LaunchScreen.storyboard */,
				4A065908264A4BF8002CE0E9 /* Info.plist */,
				4A06592B264A51A0002CE0E9 /* Localizable.strings */,
			);
			path = OlaAssignment;
			sourceTree = "<group>";
		};
		4A06590E264A4E09002CE0E9 /* Model */ = {
			isa = PBXGroup;
			children = (
				4A06590F264A4E09002CE0E9 /* Vehicle.swift */,
				4A065910264A4E09002CE0E9 /* ErrorModel.swift */,
			);
			path = Model;
			sourceTree = "<group>";
		};
		4A065911264A4E09002CE0E9 /* ViewModel */ = {
			isa = PBXGroup;
			children = (
				4A065912264A4E09002CE0E9 /* OlaVehicleViewModel.swift */,
				4A06594E264A7051002CE0E9 /* OlaVehicleDataSource.swift */,
			);
			path = ViewModel;
			sourceTree = "<group>";
		};
		4A065913264A4E09002CE0E9 /* View */ = {
			isa = PBXGroup;
			children = (
				4A065950264A9782002CE0E9 /* Cells */,
				4A065951264A9782002CE0E9 /* Controllers */,
			);
			path = View;
			sourceTree = "<group>";
		};
		4A065919264A515A002CE0E9 /* Services */ = {
			isa = PBXGroup;
			children = (
				4A06591B264A515A002CE0E9 /* Result */,
				4A06591A264A515A002CE0E9 /* ServiceType.swift */,
				4A06591E264A515A002CE0E9 /* EnvironmentHelper.swift */,
				4A06591F264A515A002CE0E9 /* BaseService.swift */,
				4A065920264A515A002CE0E9 /* HttpMethods.swift */,
				4A065921264A515A002CE0E9 /* OlaService.swift */,
				4A065922264A515A002CE0E9 /* NetworkingManager.swift */,
			);
			path = Services;
			sourceTree = "<group>";
		};
		4A06591B264A515A002CE0E9 /* Result */ = {
			isa = PBXGroup;
			children = (
				4A06591C264A515A002CE0E9 /* Result.swift */,
				4A06591D264A515A002CE0E9 /* ErrorResult.swift */,
			);
			path = Result;
			sourceTree = "<group>";
		};
		4A06592D264A51D5002CE0E9 /* Extensions */ = {
			isa = PBXGroup;
			children = (
				4A06592E264A51D5002CE0E9 /* MapView+VisibleRect.swift */,
				4A065930264A51D5002CE0E9 /* UIViewController+TopMostView.swift */,
				4A065931264A51D5002CE0E9 /* Loader+View.swift */,
				4A065932264A51D5002CE0E9 /* String+Extension.swift */,
				4A065933264A51D5002CE0E9 /* TableView+Configuration.swift */,
			);
			path = Extensions;
			sourceTree = "<group>";
		};
		4A06593A264A5203002CE0E9 /* Constants */ = {
			isa = PBXGroup;
			children = (
				4A06593B264A5203002CE0E9 /* OlaConstants.swift */,
			);
			path = Constants;
			sourceTree = "<group>";
		};
		4A06593D264A525C002CE0E9 /* Helper */ = {
			isa = PBXGroup;
			children = (
				4A06593E264A525C002CE0E9 /* ReachabilityHandler.swift */,
				4A06593F264A525C002CE0E9 /* OlaAlert.swift */,
			);
			path = Helper;
			sourceTree = "<group>";
		};
		4A065947264A5A4C002CE0E9 /* Components */ = {
			isa = PBXGroup;
			children = (
				4A065948264A5F7E002CE0E9 /* OlaImageLoader.swift */,
			);
			path = Components;
			sourceTree = "<group>";
		};
		4A065950264A9782002CE0E9 /* Cells */ = {
			isa = PBXGroup;
			children = (
				4A06594A264A654C002CE0E9 /* OlaVehicleDisplayTVC.swift */,
				4A06594B264A654C002CE0E9 /* OlaVehicleDisplayTVC.xib */,
				4A065952264A97E6002CE0E9 /* OlaVehiclesSheetHeaderView.swift */,
			);
			path = Cells;
			sourceTree = "<group>";
		};
		4A065951264A9782002CE0E9 /* Controllers */ = {
			isa = PBXGroup;
			children = (
				4A065914264A4E09002CE0E9 /* OlaVehicleMainViewController.swift */,
				4A065944264A57B7002CE0E9 /* OlaVehiclesSheetViewController.xib */,
				4A065943264A57B7002CE0E9 /* OlaVehiclesSheetViewController.swift */,
			);
			path = Controllers;
			sourceTree = "<group>";
		};
/* End PBXGroup section */

/* Begin PBXNativeTarget section */
		4A0658F6264A4BED002CE0E9 /* OlaAssignment */ = {
			isa = PBXNativeTarget;
			buildConfigurationList = 4A06590B264A4BF8002CE0E9 /* Build configuration list for PBXNativeTarget "OlaAssignment" */;
			buildPhases = (
				4A0658F3264A4BED002CE0E9 /* Sources */,
				4A0658F4264A4BED002CE0E9 /* Frameworks */,
				4A0658F5264A4BED002CE0E9 /* Resources */,
				4A065942264A54CE002CE0E9 /* ShellScript */,
			);
			buildRules = (
			);
			dependencies = (
			);
			name = OlaAssignment;
			productName = OlaAssignment;
			productReference = 4A0658F7264A4BED002CE0E9 /* OlaAssignment.app */;
			productType = "com.apple.product-type.application";
		};
/* End PBXNativeTarget section */

/* Begin PBXProject section */
		4A0658EF264A4BED002CE0E9 /* Project object */ = {
			isa = PBXProject;
			attributes = {
				LastSwiftUpdateCheck = 1160;
				LastUpgradeCheck = 1160;
				ORGANIZATIONNAME = "Sanjeeva Reddy Nandela";
				TargetAttributes = {
					4A0658F6264A4BED002CE0E9 = {
						CreatedOnToolsVersion = 11.6;
					};
				};
			};
			buildConfigurationList = 4A0658F2264A4BED002CE0E9 /* Build configuration list for PBXProject "OlaAssignment" */;
			compatibilityVersion = "Xcode 9.3";
			developmentRegion = en;
			hasScannedForEncodings = 0;
			knownRegions = (
				en,
				Base,
			);
			mainGroup = 4A0658EE264A4BED002CE0E9;
			productRefGroup = 4A0658F8264A4BED002CE0E9 /* Products */;
			projectDirPath = "";
			projectRoot = "";
			targets = (
				4A0658F6264A4BED002CE0E9 /* OlaAssignment */,
			);
		};
/* End PBXProject section */

/* Begin PBXResourcesBuildPhase section */
		4A0658F5264A4BED002CE0E9 /* Resources */ = {
			isa = PBXResourcesBuildPhase;
			buildActionMask = 2147483647;
			files = (
				4A065907264A4BF8002CE0E9 /* LaunchScreen.storyboard in Resources */,
				4A06592C264A51A0002CE0E9 /* Localizable.strings in Resources */,
				4A06594D264A654C002CE0E9 /* OlaVehicleDisplayTVC.xib in Resources */,
				4A065946264A57B7002CE0E9 /* OlaVehiclesSheetViewController.xib in Resources */,
				4A065904264A4BF8002CE0E9 /* Assets.xcassets in Resources */,
				4A065902264A4BED002CE0E9 /* Main.storyboard in Resources */,
			);
			runOnlyForDeploymentPostprocessing = 0;
		};
/* End PBXResourcesBuildPhase section */

/* Begin PBXShellScriptBuildPhase section */
		4A065942264A54CE002CE0E9 /* ShellScript */ = {
			isa = PBXShellScriptBuildPhase;
			buildActionMask = 2147483647;
			files = (
			);
			inputFileListPaths = (
			);
			inputPaths = (
				"$(SRCROOT)/Carthage/Build/iOS/Reachability.framework",
			);
			outputFileListPaths = (
			);
			outputPaths = (
			);
			runOnlyForDeploymentPostprocessing = 0;
			shellPath = /bin/sh;
			shellScript = "# Type a script or drag a script file from your workspace to insert its path.\n/usr/local/bin/carthage copy-frameworks\n";
		};
/* End PBXShellScriptBuildPhase section */

/* Begin PBXSourcesBuildPhase section */
		4A0658F3264A4BED002CE0E9 /* Sources */ = {
			isa = PBXSourcesBuildPhase;
			buildActionMask = 2147483647;
			files = (
				4A06594C264A654C002CE0E9 /* OlaVehicleDisplayTVC.swift in Sources */,
				4A065936264A51D5002CE0E9 /* UIViewController+TopMostView.swift in Sources */,
				4A065941264A525C002CE0E9 /* OlaAlert.swift in Sources */,
				4A065924264A515A002CE0E9 /* Result.swift in Sources */,
				4A065925264A515A002CE0E9 /* ErrorResult.swift in Sources */,
				4A065929264A515A002CE0E9 /* OlaService.swift in Sources */,
				4A065953264A97E6002CE0E9 /* OlaVehiclesSheetHeaderView.swift in Sources */,
				4A06592A264A515A002CE0E9 /* NetworkingManager.swift in Sources */,
				4A065945264A57B7002CE0E9 /* OlaVehiclesSheetViewController.swift in Sources */,
				4A065940264A525C002CE0E9 /* ReachabilityHandler.swift in Sources */,
				4A065934264A51D5002CE0E9 /* MapView+VisibleRect.swift in Sources */,
				4A065939264A51D5002CE0E9 /* TableView+Configuration.swift in Sources */,
				4A065916264A4E09002CE0E9 /* ErrorModel.swift in Sources */,
				4A06594F264A7051002CE0E9 /* OlaVehicleDataSource.swift in Sources */,
				4A065937264A51D5002CE0E9 /* Loader+View.swift in Sources */,
				4A065938264A51D5002CE0E9 /* String+Extension.swift in Sources */,
				4A065915264A4E09002CE0E9 /* Vehicle.swift in Sources */,
				4A0658FF264A4BED002CE0E9 /* ViewController.swift in Sources */,
				4A065949264A5F7E002CE0E9 /* OlaImageLoader.swift in Sources */,
				4A0658FB264A4BED002CE0E9 /* AppDelegate.swift in Sources */,
				4A06593C264A5203002CE0E9 /* OlaConstants.swift in Sources */,
				4A065917264A4E09002CE0E9 /* OlaVehicleViewModel.swift in Sources */,
				4A0658FD264A4BED002CE0E9 /* SceneDelegate.swift in Sources */,
				4A065927264A515A002CE0E9 /* BaseService.swift in Sources */,
				4A065918264A4E09002CE0E9 /* OlaVehicleMainViewController.swift in Sources */,
				4A065926264A515A002CE0E9 /* EnvironmentHelper.swift in Sources */,
				4A065928264A515A002CE0E9 /* HttpMethods.swift in Sources */,
				4A065923264A515A002CE0E9 /* ServiceType.swift in Sources */,
			);
			runOnlyForDeploymentPostprocessing = 0;
		};
/* End PBXSourcesBuildPhase section */

/* Begin PBXVariantGroup section */
		4A065900264A4BED002CE0E9 /* Main.storyboard */ = {
			isa = PBXVariantGroup;
			children = (
				4A065901264A4BED002CE0E9 /* Base */,
			);
			name = Main.storyboard;
			sourceTree = "<group>";
		};
		4A065905264A4BF8002CE0E9 /* LaunchScreen.storyboard */ = {
			isa = PBXVariantGroup;
			children = (
				4A065906264A4BF8002CE0E9 /* Base */,
			);
			name = LaunchScreen.storyboard;
			sourceTree = "<group>";
		};
/* End PBXVariantGroup section */

/* Begin XCBuildConfiguration section */
		4A065909264A4BF8002CE0E9 /* Debug */ = {
			isa = XCBuildConfiguration;
			buildSettings = {
				ALWAYS_SEARCH_USER_PATHS = NO;
				CLANG_ANALYZER_NONNULL = YES;
				CLANG_ANALYZER_NUMBER_OBJECT_CONVERSION = YES_AGGRESSIVE;
				CLANG_CXX_LANGUAGE_STANDARD = "gnu++14";
				CLANG_CXX_LIBRARY = "libc++";
				CLANG_ENABLE_MODULES = YES;
				CLANG_ENABLE_OBJC_ARC = YES;
				CLANG_ENABLE_OBJC_WEAK = YES;
				CLANG_WARN_BLOCK_CAPTURE_AUTORELEASING = YES;
				CLANG_WARN_BOOL_CONVERSION = YES;
				CLANG_WARN_COMMA = YES;
				CLANG_WARN_CONSTANT_CONVERSION = YES;
				CLANG_WARN_DEPRECATED_OBJC_IMPLEMENTATIONS = YES;
				CLANG_WARN_DIRECT_OBJC_ISA_USAGE = YES_ERROR;
				CLANG_WARN_DOCUMENTATION_COMMENTS = YES;
				CLANG_WARN_EMPTY_BODY = YES;
				CLANG_WARN_ENUM_CONVERSION = YES;
				CLANG_WARN_INFINITE_RECURSION = YES;
				CLANG_WARN_INT_CONVERSION = YES;
				CLANG_WARN_NON_LITERAL_NULL_CONVERSION = YES;
				CLANG_WARN_OBJC_IMPLICIT_RETAIN_SELF = YES;
				CLANG_WARN_OBJC_LITERAL_CONVERSION = YES;
				CLANG_WARN_OBJC_ROOT_CLASS = YES_ERROR;
				CLANG_WARN_RANGE_LOOP_ANALYSIS = YES;
				CLANG_WARN_STRICT_PROTOTYPES = YES;
				CLANG_WARN_SUSPICIOUS_MOVE = YES;
				CLANG_WARN_UNGUARDED_AVAILABILITY = YES_AGGRESSIVE;
				CLANG_WARN_UNREACHABLE_CODE = YES;
				CLANG_WARN__DUPLICATE_METHOD_MATCH = YES;
				COPY_PHASE_STRIP = NO;
				DEBUG_INFORMATION_FORMAT = dwarf;
				ENABLE_STRICT_OBJC_MSGSEND = YES;
				ENABLE_TESTABILITY = YES;
				GCC_C_LANGUAGE_STANDARD = gnu11;
				GCC_DYNAMIC_NO_PIC = NO;
				GCC_NO_COMMON_BLOCKS = YES;
				GCC_OPTIMIZATION_LEVEL = 0;
				GCC_PREPROCESSOR_DEFINITIONS = (
					"DEBUG=1",
					"$(inherited)",
				);
				GCC_WARN_64_TO_32_BIT_CONVERSION = YES;
				GCC_WARN_ABOUT_RETURN_TYPE = YES_ERROR;
				GCC_WARN_UNDECLARED_SELECTOR = YES;
				GCC_WARN_UNINITIALIZED_AUTOS = YES_AGGRESSIVE;
				GCC_WARN_UNUSED_FUNCTION = YES;
				GCC_WARN_UNUSED_VARIABLE = YES;
				IPHONEOS_DEPLOYMENT_TARGET = 13.6;
				MTL_ENABLE_DEBUG_INFO = INCLUDE_SOURCE;
				MTL_FAST_MATH = YES;
				ONLY_ACTIVE_ARCH = YES;
				SDKROOT = iphoneos;
				SWIFT_ACTIVE_COMPILATION_CONDITIONS = DEBUG;
				SWIFT_OPTIMIZATION_LEVEL = "-Onone";
			};
			name = Debug;
		};
		4A06590A264A4BF8002CE0E9 /* Release */ = {
			isa = XCBuildConfiguration;
			buildSettings = {
				ALWAYS_SEARCH_USER_PATHS = NO;
				CLANG_ANALYZER_NONNULL = YES;
				CLANG_ANALYZER_NUMBER_OBJECT_CONVERSION = YES_AGGRESSIVE;
				CLANG_CXX_LANGUAGE_STANDARD = "gnu++14";
				CLANG_CXX_LIBRARY = "libc++";
				CLANG_ENABLE_MODULES = YES;
				CLANG_ENABLE_OBJC_ARC = YES;
				CLANG_ENABLE_OBJC_WEAK = YES;
				CLANG_WARN_BLOCK_CAPTURE_AUTORELEASING = YES;
				CLANG_WARN_BOOL_CONVERSION = YES;
				CLANG_WARN_COMMA = YES;
				CLANG_WARN_CONSTANT_CONVERSION = YES;
				CLANG_WARN_DEPRECATED_OBJC_IMPLEMENTATIONS = YES;
				CLANG_WARN_DIRECT_OBJC_ISA_USAGE = YES_ERROR;
				CLANG_WARN_DOCUMENTATION_COMMENTS = YES;
				CLANG_WARN_EMPTY_BODY = YES;
				CLANG_WARN_ENUM_CONVERSION = YES;
				CLANG_WARN_INFINITE_RECURSION = YES;
				CLANG_WARN_INT_CONVERSION = YES;
				CLANG_WARN_NON_LITERAL_NULL_CONVERSION = YES;
				CLANG_WARN_OBJC_IMPLICIT_RETAIN_SELF = YES;
				CLANG_WARN_OBJC_LITERAL_CONVERSION = YES;
				CLANG_WARN_OBJC_ROOT_CLASS = YES_ERROR;
				CLANG_WARN_RANGE_LOOP_ANALYSIS = YES;
				CLANG_WARN_STRICT_PROTOTYPES = YES;
				CLANG_WARN_SUSPICIOUS_MOVE = YES;
				CLANG_WARN_UNGUARDED_AVAILABILITY = YES_AGGRESSIVE;
				CLANG_WARN_UNREACHABLE_CODE = YES;
				CLANG_WARN__DUPLICATE_METHOD_MATCH = YES;
				COPY_PHASE_STRIP = NO;
				DEBUG_INFORMATION_FORMAT = "dwarf-with-dsym";
				ENABLE_NS_ASSERTIONS = NO;
				ENABLE_STRICT_OBJC_MSGSEND = YES;
				GCC_C_LANGUAGE_STANDARD = gnu11;
				GCC_NO_COMMON_BLOCKS = YES;
				GCC_WARN_64_TO_32_BIT_CONVERSION = YES;
				GCC_WARN_ABOUT_RETURN_TYPE = YES_ERROR;
				GCC_WARN_UNDECLARED_SELECTOR = YES;
				GCC_WARN_UNINITIALIZED_AUTOS = YES_AGGRESSIVE;
				GCC_WARN_UNUSED_FUNCTION = YES;
				GCC_WARN_UNUSED_VARIABLE = YES;
				IPHONEOS_DEPLOYMENT_TARGET = 13.6;
				MTL_ENABLE_DEBUG_INFO = NO;
				MTL_FAST_MATH = YES;
				SDKROOT = iphoneos;
				SWIFT_COMPILATION_MODE = wholemodule;
				SWIFT_OPTIMIZATION_LEVEL = "-O";
				VALIDATE_PRODUCT = YES;
			};
			name = Release;
		};
		4A06590C264A4BF8002CE0E9 /* Debug */ = {
			isa = XCBuildConfiguration;
			buildSettings = {
				ASSETCATALOG_COMPILER_APPICON_NAME = AppIcon;
				CODE_SIGN_STYLE = Automatic;
				FRAMEWORK_SEARCH_PATHS = (
					"$(inherited)",
					"$(PROJECT_DIR)/Carthage/Build/iOS",
				);
				INFOPLIST_FILE = OlaAssignment/Info.plist;
				LD_RUNPATH_SEARCH_PATHS = (
					"$(inherited)",
					"@executable_path/Frameworks",
				);
				PRODUCT_BUNDLE_IDENTIFIER = com.sanju.ola.OlaAssignment;
				PRODUCT_NAME = "$(TARGET_NAME)";
				SWIFT_VERSION = 5.0;
				TARGETED_DEVICE_FAMILY = 1;
			};
			name = Debug;
		};
		4A06590D264A4BF8002CE0E9 /* Release */ = {
			isa = XCBuildConfiguration;
			buildSettings = {
				ASSETCATALOG_COMPILER_APPICON_NAME = AppIcon;
				CODE_SIGN_STYLE = Automatic;
				FRAMEWORK_SEARCH_PATHS = (
					"$(inherited)",
					"$(PROJECT_DIR)/Carthage/Build/iOS",
				);
				INFOPLIST_FILE = OlaAssignment/Info.plist;
				LD_RUNPATH_SEARCH_PATHS = (
					"$(inherited)",
					"@executable_path/Frameworks",
				);
				PRODUCT_BUNDLE_IDENTIFIER = com.sanju.ola.OlaAssignment;
				PRODUCT_NAME = "$(TARGET_NAME)";
				SWIFT_VERSION = 5.0;
				TARGETED_DEVICE_FAMILY = 1;
			};
			name = Release;
		};
/* End XCBuildConfiguration section */

/* Begin XCConfigurationList section */
		4A0658F2264A4BED002CE0E9 /* Build configuration list for PBXProject "OlaAssignment" */ = {
			isa = XCConfigurationList;
			buildConfigurations = (
				4A065909264A4BF8002CE0E9 /* Debug */,
				4A06590A264A4BF8002CE0E9 /* Release */,
			);
			defaultConfigurationIsVisible = 0;
			defaultConfigurationName = Release;
		};
		4A06590B264A4BF8002CE0E9 /* Build configuration list for PBXNativeTarget "OlaAssignment" */ = {
			isa = XCConfigurationList;
			buildConfigurations = (
				4A06590C264A4BF8002CE0E9 /* Debug */,
				4A06590D264A4BF8002CE0E9 /* Release */,
			);
			defaultConfigurationIsVisible = 0;
			defaultConfigurationName = Release;
		};
/* End XCConfigurationList section */
	};
	rootObject = 4A0658EF264A4BED002CE0E9 /* Project object */;
}
